
Microsoft Visual Studio Solution File, Format Version 12.00
# Visual Studio Version 17
VisualStudioVersion = 17.14.36414.22 d17.14
MinimumVisualStudioVersion = 10.0.40219.1
Project("{FAE04EC0-301F-11D3-BF4B-00C04F79EFBC}") = "FileProject", "FileProject.csproj", "{919528E3-89ED-4595-93DC-859BA84BE8EB}"
EndProject
Global
	GlobalSection(SolutionConfigurationPlatforms) = preSolution
		Debug|Any CPU = Debug|Any CPU
		Release|Any CPU = Release|Any CPU
	EndGlobalSection
	GlobalSection(ProjectConfigurationPlatforms) = postSolution
		{919528E3-89ED-4595-93DC-859BA84BE8EB}.Debug|Any CPU.ActiveCfg = Debug|Any CPU
		{919528E3-89ED-4595-93DC-859BA84BE8EB}.Debug|Any CPU.Build.0 = Debug|Any CPU
		{919528E3-89ED-4595-93DC-859BA84BE8EB}.Release|Any CPU.ActiveCfg = Release|Any CPU
		{919528E3-89ED-4595-93DC-859BA84BE8EB}.Release|Any CPU.Build.0 = Release|Any CPU
	EndGlobalSection
	GlobalSection(SolutionProperties) = preSolution
		HideSolutionNode = FALSE
	EndGlobalSection
	GlobalSection(ExtensibilityGlobals) = postSolution
		SolutionGuid = {C9C5A3F1-5016-497B-A80A-48810A782F1F}
	EndGlobalSection
EndGlobal
